
Microsoft Visual Studio Solution File, Format Version 12.00
Project("{FAE04EC0-301F-11D3-BF4B-00C04F79EFBC}") = "Reservation.Api", "Reservation.Api.csproj", "{3A95933A-6B95-43B4-9663-073678B446DB}"
EndProject
Project("{FAE04EC0-301F-11D3-BF4B-00C04F79EFBC}") = "Reservation.Shared", "..\Reservation.Shared\Reservation.Shared.csproj", "{EFA54C76-A944-4AA9-9CD3-555045E3B442}"
EndProject
Global
	GlobalSection(SolutionConfigurationPlatforms) = preSolution
		Debug|Any CPU = Debug|Any CPU
		Release|Any CPU = Release|Any CPU
	EndGlobalSection
	GlobalSection(ProjectConfigurationPlatforms) = postSolution
		{3A95933A-6B95-43B4-9663-073678B446DB}.Debug|Any CPU.ActiveCfg = Debug|Any CPU
		{3A95933A-6B95-43B4-9663-073678B446DB}.Debug|Any CPU.Build.0 = Debug|Any CPU
		{3A95933A-6B95-43B4-9663-073678B446DB}.Release|Any CPU.ActiveCfg = Release|Any CPU
		{3A95933A-6B95-43B4-9663-073678B446DB}.Release|Any CPU.Build.0 = Release|Any CPU
		{EFA54C76-A944-4AA9-9CD3-555045E3B442}.Debug|Any CPU.ActiveCfg = Debug|Any CPU
		{EFA54C76-A944-4AA9-9CD3-555045E3B442}.Debug|Any CPU.Build.0 = Debug|Any CPU
		{EFA54C76-A944-4AA9-9CD3-555045E3B442}.Release|Any CPU.ActiveCfg = Release|Any CPU
		{EFA54C76-A944-4AA9-9CD3-555045E3B442}.Release|Any CPU.Build.0 = Release|Any CPU
	EndGlobalSection
EndGlobal
