
Microsoft Visual Studio Solution File, Format Version 12.00
Project("{FAE04EC0-301F-11D3-BF4B-00C04F79EFBC}") = "Reservation.Shared", "Reservation.Shared.csproj", "{7EAF2BB5-A251-4514-866F-C17B02D44826}"
EndProject
Global
	GlobalSection(SolutionConfigurationPlatforms) = preSolution
		Debug|Any CPU = Debug|Any CPU
		Release|Any CPU = Release|Any CPU
	EndGlobalSection
	GlobalSection(ProjectConfigurationPlatforms) = postSolution
		{7EAF2BB5-A251-4514-866F-C17B02D44826}.Debug|Any CPU.ActiveCfg = Debug|Any CPU
		{7EAF2BB5-A251-4514-866F-C17B02D44826}.Debug|Any CPU.Build.0 = Debug|Any CPU
		{7EAF2BB5-A251-4514-866F-C17B02D44826}.Release|Any CPU.ActiveCfg = Release|Any CPU
		{7EAF2BB5-A251-4514-866F-C17B02D44826}.Release|Any CPU.Build.0 = Release|Any CPU
	EndGlobalSection
EndGlobal
